GEM
  remote: https://rubygems.org/
  specs:
    diff-lcs (1.6.2)
    logger (1.7.0)
    optimist (3.2.1)
    rexml (3.4.2)
    rspec (3.13.1)
      rspec-core (~> 3.13.0)
      rspec-expectations (~> 3.13.0)
      rspec-mocks (~> 3.13.0)
    rspec-core (3.13.5)
      rspec-support (~> 3.13.0)
    rspec-expectations (3.13.5)
      diff-lcs (>= 1.2.0, < 2.0)
      rspec-support (~> 3.13.0)
    rspec-mocks (3.13.5)
      diff-lcs (>= 1.2.0, < 2.0)
      rspec-support (~> 3.13.0)
    rspec-support (3.13.5)
    ruby-dbus (0.25.0)
      logger
      rexml

PLATFORMS
  ruby

DEPENDENCIES
  optimist
  rspec
  ruby-dbus

BUNDLED WITH
   2.5.22
